
Microsoft Visual Studio Solution File, Format Version 12.00
# Visual Studio Version 17
VisualStudioVersion = 17.0.31903.59
MinimumVisualStudioVersion = 10.0.40219.1
Project("{2150E333-8FDC-42A3-9474-1A3956D46DE8}") = "src", "src", "{6E917947-90A2-4FC5-8F7E-B41081686DE1}"
EndProject
Project("{FAE04EC0-301F-11D3-BF4B-00C04F79EFBC}") = "ApiDiff.Cli", "src\ApiDiff.Cli\ApiDiff.Cli.csproj", "{95CB4299-5001-4FEC-B708-F66A94A6C9DA}"
EndProject
Project("{FAE04EC0-301F-11D3-BF4B-00C04F79EFBC}") = "ApiDiff.Core", "src\ApiDiff.Core\ApiDiff.Core.csproj", "{924E5E28-8230-4E1E-87BF-D4F168F14BA5}"
EndProject
Project("{FAE04EC0-301F-11D3-BF4B-00C04F79EFBC}") = "ApiDiff.Licensing", "src\ApiDiff.Licensing\ApiDiff.Licensing.csproj", "{BD1A2687-7092-4F0E-8240-78075482435A}"
EndProject
Project("{2150E333-8FDC-42A3-9474-1A3956D46DE8}") = "tests", "tests", "{3B0AC35B-8B88-4F9D-8670-1B017D0D927E}"
EndProject
Project("{FAE04EC0-301F-11D3-BF4B-00C04F79EFBC}") = "ApiDiff.Core.Tests", "tests\ApiDiff.Core.Tests\ApiDiff.Core.Tests.csproj", "{0C4EA406-8516-4E2C-A2DF-A1B01F3A8CF2}"
EndProject
Project("{FAE04EC0-301F-11D3-BF4B-00C04F79EFBC}") = "ApiDiff.Cli.Tests", "tests\ApiDiff.Cli.Tests\ApiDiff.Cli.Tests.csproj", "{1CBD97AD-5478-4F2A-AA08-6CC813E59CC7}"
EndProject
Global
	GlobalSection(SolutionConfigurationPlatforms) = preSolution
		Debug|Any CPU = Debug|Any CPU
		Release|Any CPU = Release|Any CPU
	EndGlobalSection
	GlobalSection(SolutionProperties) = preSolution
		HideSolutionNode = FALSE
	EndGlobalSection
	GlobalSection(ProjectConfigurationPlatforms) = postSolution
		{95CB4299-5001-4FEC-B708-F66A94A6C9DA}.Debug|Any CPU.ActiveCfg = Debug|Any CPU
		{95CB4299-5001-4FEC-B708-F66A94A6C9DA}.Debug|Any CPU.Build.0 = Debug|Any CPU
		{95CB4299-5001-4FEC-B708-F66A94A6C9DA}.Release|Any CPU.ActiveCfg = Release|Any CPU
		{95CB4299-5001-4FEC-B708-F66A94A6C9DA}.Release|Any CPU.Build.0 = Release|Any CPU
		{924E5E28-8230-4E1E-87BF-D4F168F14BA5}.Debug|Any CPU.ActiveCfg = Debug|Any CPU
		{924E5E28-8230-4E1E-87BF-D4F168F14BA5}.Debug|Any CPU.Build.0 = Debug|Any CPU
		{924E5E28-8230-4E1E-87BF-D4F168F14BA5}.Release|Any CPU.ActiveCfg = Release|Any CPU
		{924E5E28-8230-4E1E-87BF-D4F168F14BA5}.Release|Any CPU.Build.0 = Release|Any CPU
		{BD1A2687-7092-4F0E-8240-78075482435A}.Debug|Any CPU.ActiveCfg = Debug|Any CPU
		{BD1A2687-7092-4F0E-8240-78075482435A}.Debug|Any CPU.Build.0 = Debug|Any CPU
		{BD1A2687-7092-4F0E-8240-78075482435A}.Release|Any CPU.ActiveCfg = Release|Any CPU
		{BD1A2687-7092-4F0E-8240-78075482435A}.Release|Any CPU.Build.0 = Release|Any CPU
		{0C4EA406-8516-4E2C-A2DF-A1B01F3A8CF2}.Debug|Any CPU.ActiveCfg = Debug|Any CPU
		{0C4EA406-8516-4E2C-A2DF-A1B01F3A8CF2}.Debug|Any CPU.Build.0 = Debug|Any CPU
		{0C4EA406-8516-4E2C-A2DF-A1B01F3A8CF2}.Release|Any CPU.ActiveCfg = Release|Any CPU
		{0C4EA406-8516-4E2C-A2DF-A1B01F3A8CF2}.Release|Any CPU.Build.0 = Release|Any CPU
		{1CBD97AD-5478-4F2A-AA08-6CC813E59CC7}.Debug|Any CPU.ActiveCfg = Debug|Any CPU
		{1CBD97AD-5478-4F2A-AA08-6CC813E59CC7}.Debug|Any CPU.Build.0 = Debug|Any CPU
		{1CBD97AD-5478-4F2A-AA08-6CC813E59CC7}.Release|Any CPU.ActiveCfg = Release|Any CPU
		{1CBD97AD-5478-4F2A-AA08-6CC813E59CC7}.Release|Any CPU.Build.0 = Release|Any CPU
	EndGlobalSection
	GlobalSection(NestedProjects) = preSolution
		{95CB4299-5001-4FEC-B708-F66A94A6C9DA} = {6E917947-90A2-4FC5-8F7E-B41081686DE1}
		{924E5E28-8230-4E1E-87BF-D4F168F14BA5} = {6E917947-90A2-4FC5-8F7E-B41081686DE1}
		{BD1A2687-7092-4F0E-8240-78075482435A} = {6E917947-90A2-4FC5-8F7E-B41081686DE1}
		{0C4EA406-8516-4E2C-A2DF-A1B01F3A8CF2} = {3B0AC35B-8B88-4F9D-8670-1B017D0D927E}
		{1CBD97AD-5478-4F2A-AA08-6CC813E59CC7} = {3B0AC35B-8B88-4F9D-8670-1B017D0D927E}
	EndGlobalSection
EndGlobal
